// !$*UTF8*$!
{
	archiveVersion = 1;
	classes = {
	};
	objectVersion = 46;
	objects = {

/* Begin PBXBuildFile section */
		945227131A11048600B04DB8 /* Images.xcassets in Resources */ = {isa = PBXBuildFile; fileRef = 945227121A11048600B04DB8 /* Images.xcassets */; };
		94E330D01A10FB8F00635208 /* AppDelegate.swift in Sources */ = {isa = PBXBuildFile; fileRef = 94E330CF1A10FB8F00635208 /* AppDelegate.swift */; };
		94E330D71A10FB8F00635208 /* Main.storyboard in Resources */ = {isa = PBXBuildFile; fileRef = 94E330D51A10FB8F00635208 /* Main.storyboard */; };
		94E330DC1A10FB8F00635208 /* LaunchScreen.xib in Resources */ = {isa = PBXBuildFile; fileRef = 94E330DA1A10FB8F00635208 /* LaunchScreen.xib */; };
		94E330E81A10FB8F00635208 /* BeefcakeTests.swift in Sources */ = {isa = PBXBuildFile; fileRef = 94E330E71A10FB8F00635208 /* BeefcakeTests.swift */; };
		94E330F21A10FBA300635208 /* MapKit.framework in Frameworks */ = {isa = PBXBuildFile; fileRef = 94E330F11A10FBA300635208 /* MapKit.framework */; };
/* End PBXBuildFile section */

/* Begin PBXContainerItemProxy section */
		94E330E21A10FB8F00635208 /* PBXContainerItemProxy */ = {
			isa = PBXContainerItemProxy;
			containerPortal = 94E330C21A10FB8F00635208 /* Project object */;
			proxyType = 1;
			remoteGlobalIDString = 94E330C91A10FB8F00635208;
			remoteInfo = Beefcake;
		};
/* End PBXContainerItemProxy section */

/* Begin PBXFileReference section */
		945227121A11048600B04DB8 /* Images.xcassets */ = {isa = PBXFileReference; lastKnownFileType = folder.assetcatalog; path = Images.xcassets; sourceTree = "<group>"; };
		94E330CA1A10FB8F00635208 /* Beefcake.app */ = {isa = PBXFileReference; explicitFileType = wrapper.application; includeInIndex = 0; path = Beefcake.app; sourceTree = BUILT_PRODUCTS_DIR; };
		94E330CE1A10FB8F00635208 /* Info.plist */ = {isa = PBXFileReference; lastKnownFileType = text.plist.xml; path = Info.plist; sourceTree = "<group>"; };
		94E330CF1A10FB8F00635208 /* AppDelegate.swift */ = {isa = PBXFileReference; lastKnownFileType = sourcecode.swift; path = AppDelegate.swift; sourceTree = "<group>"; };
		94E330D61A10FB8F00635208 /* Base */ = {isa = PBXFileReference; lastKnownFileType = file.storyboard; name = Base; path = Base.lproj/Main.storyboard; sourceTree = "<group>"; };
		94E330DB1A10FB8F00635208 /* Base */ = {isa = PBXFileReference; lastKnownFileType = file.xib; name = Base; path = Base.lproj/LaunchScreen.xib; sourceTree = "<group>"; };
		94E330E11A10FB8F00635208 /* BeefcakeTests.xctest */ = {isa = PBXFileReference; explicitFileType = wrapper.cfbundle; includeInIndex = 0; path = BeefcakeTests.xctest; sourceTree = BUILT_PRODUCTS_DIR; };
		94E330E61A10FB8F00635208 /* Info.plist */ = {isa = PBXFileReference; lastKnownFileType = text.plist.xml; path = Info.plist; sourceTree = "<group>"; };
		94E330E71A10FB8F00635208 /* BeefcakeTests.swift */ = {isa = PBXFileReference; lastKnownFileType = sourcecode.swift; path = BeefcakeTests.swift; sourceTree = "<group>"; };
		94E330F11A10FBA300635208 /* MapKit.framework */ = {isa = PBXFileReference; lastKnownFileType = wrapper.framework; name = MapKit.framework; path = System/Library/Frameworks/MapKit.framework; sourceTree = SDKROOT; };
/* End PBXFileReference section */

/* Begin PBXFrameworksBuildPhase section */
		94E330C71A10FB8F00635208 /* Frameworks */ = {
			isa = PBXFrameworksBuildPhase;
			buildActionMask = 2147483647;
			files = (
				94E330F21A10FBA300635208 /* MapKit.framework in Frameworks */,
			);
			runOnlyForDeploymentPostprocessing = 0;
		};
		94E330DE1A10FB8F00635208 /* Frameworks */ = {
			isa = PBXFrameworksBuildPhase;
			buildActionMask = 2147483647;
			files = (
			);
			runOnlyForDeploymentPostprocessing = 0;
		};
/* End PBXFrameworksBuildPhase section */

/* Begin PBXGroup section */
		94E330C11A10FB8F00635208 = {
			isa = PBXGroup;
			children = (
				94E330CC1A10FB8F00635208 /* Beefcake */,
				94E330F31A10FBAD00635208 /* Frameworks */,
				94E330E41A10FB8F00635208 /* BeefcakeTests */,
				94E330CB1A10FB8F00635208 /* Products */,
			);
			sourceTree = "<group>";
		};
		94E330CB1A10FB8F00635208 /* Products */ = {
			isa = PBXGroup;
			children = (
				94E330CA1A10FB8F00635208 /* Beefcake.app */,
				94E330E11A10FB8F00635208 /* BeefcakeTests.xctest */,
			);
			name = Products;
			sourceTree = "<group>";
		};
		94E330CC1A10FB8F00635208 /* Beefcake */ = {
			isa = PBXGroup;
			children = (
				94E330CF1A10FB8F00635208 /* AppDelegate.swift */,
				94E330D51A10FB8F00635208 /* Main.storyboard */,
				945227121A11048600B04DB8 /* Images.xcassets */,
				94E330DA1A10FB8F00635208 /* LaunchScreen.xib */,
				94E330CD1A10FB8F00635208 /* Supporting Files */,
			);
			path = Beefcake;
			sourceTree = "<group>";
		};
		94E330CD1A10FB8F00635208 /* Supporting Files */ = {
			isa = PBXGroup;
			children = (
				94E330CE1A10FB8F00635208 /* Info.plist */,
			);
			name = "Supporting Files";
			sourceTree = "<group>";
		};
		94E330E41A10FB8F00635208 /* BeefcakeTests */ = {
			isa = PBXGroup;
			children = (
				94E330E71A10FB8F00635208 /* BeefcakeTests.swift */,
				94E330E51A10FB8F00635208 /* Supporting Files */,
			);
			path = BeefcakeTests;
			sourceTree = "<group>";
		};
		94E330E51A10FB8F00635208 /* Supporting Files */ = {
			isa = PBXGroup;
			children = (
				94E330E61A10FB8F00635208 /* Info.plist */,
			);
			name = "Supporting Files";
			sourceTree = "<group>";
		};
		94E330F31A10FBAD00635208 /* Frameworks */ = {
			isa = PBXGroup;
			children = (
				94E330F11A10FBA300635208 /* MapKit.framework */,
			);
			name = Frameworks;
			sourceTree = "<group>";
		};
/* End PBXGroup section */

/* Begin PBXNativeTarget section */
		94E330C91A10FB8F00635208 /* Beefcake */ = {
			isa = PBXNativeTarget;
			buildConfigurationList = 94E330EB1A10FB8F00635208 /* Build configuration list for PBXNativeTarget "Beefcake" */;
			buildPhases = (
				94E330C61A10FB8F00635208 /* Sources */,
				94E330C71A10FB8F00635208 /* Frameworks */,
				94E330C81A10FB8F00635208 /* Resources */,
			);
			buildRules = (
			);
			dependencies = (
			);
			name = Beefcake;
			productName = Beefcake;
			productReference = 94E330CA1A10FB8F00635208 /* Beefcake.app */;
			productType = "com.apple.product-type.application";
		};
		94E330E01A10FB8F00635208 /* BeefcakeTests */ = {
			isa = PBXNativeTarget;
			buildConfigurationList = 94E330EE1A10FB8F00635208 /* Build configuration list for PBXNativeTarget "BeefcakeTests" */;
			buildPhases = (
				94E330DD1A10FB8F00635208 /* Sources */,
				94E330DE1A10FB8F00635208 /* Frameworks */,
				94E330DF1A10FB8F00635208 /* Resources */,
			);
			buildRules = (
			);
			dependencies = (
				94E330E31A10FB8F00635208 /* PBXTargetDependency */,
			);
			name = BeefcakeTests;
			productName = BeefcakeTests;
			productReference = 94E330E11A10FB8F00635208 /* BeefcakeTests.xctest */;
			productType = "com.apple.product-type.bundle.unit-test";
		};
/* End PBXNativeTarget section */

/* Begin PBXProject section */
		94E330C21A10FB8F00635208 /* Project object */ = {
			isa = PBXProject;
			attributes = {
				LastUpgradeCheck = 0610;
				ORGANIZATIONNAME = "Ryan Connors";
				TargetAttributes = {
					94E330C91A10FB8F00635208 = {
						CreatedOnToolsVersion = 6.1;
						DevelopmentTeam = 29R88YKZ9R;
					};
					94E330E01A10FB8F00635208 = {
						CreatedOnToolsVersion = 6.1;
						TestTargetID = 94E330C91A10FB8F00635208;
					};
				};
			};
			buildConfigurationList = 94E330C51A10FB8F00635208 /* Build configuration list for PBXProject "Beefcake" */;
			compatibilityVersion = "Xcode 3.2";
			developmentRegion = English;
			hasScannedForEncodings = 0;
			knownRegions = (
				en,
				Base,
			);
			mainGroup = 94E330C11A10FB8F00635208;
			productRefGroup = 94E330CB1A10FB8F00635208 /* Products */;
			projectDirPath = "";
			projectRoot = "";
			targets = (
				94E330C91A10FB8F00635208 /* Beefcake */,
				94E330E01A10FB8F00635208 /* BeefcakeTests */,
			);
		};
/* End PBXProject section */

/* Begin PBXResourcesBuildPhase section */
		94E330C81A10FB8F00635208 /* Resources */ = {
			isa = PBXResourcesBuildPhase;
			buildActionMask = 2147483647;
			files = (
				945227131A11048600B04DB8 /* Images.xcassets in Resources */,
				94E330D71A10FB8F00635208 /* Main.storyboard in Resources */,
				94E330DC1A10FB8F00635208 /* LaunchScreen.xib in Resources */,
			);
			runOnlyForDeploymentPostprocessing = 0;
		};
		94E330DF1A10FB8F00635208 /* Resources */ = {
			isa = PBXResourcesBuildPhase;
			buildActionMask = 2147483647;
			files = (
			);
			runOnlyForDeploymentPostprocessing = 0;
		};
/* End PBXResourcesBuildPhase section */

/* Begin PBXSourcesBuildPhase section */
		94E330C61A10FB8F00635208 /* Sources */ = {
			isa = PBXSourcesBuildPhase;
			buildActionMask = 2147483647;
			files = (
				94E330D01A10FB8F00635208 /* AppDelegate.swift in Sources */,
			);
			runOnlyForDeploymentPostprocessing = 0;
		};
		94E330DD1A10FB8F00635208 /* Sources */ = {
			isa = PBXSourcesBuildPhase;
			buildActionMask = 2147483647;
			files = (
				94E330E81A10FB8F00635208 /* BeefcakeTests.swift in Sources */,
			);
			runOnlyForDeploymentPostprocessing = 0;
		};
/* End PBXSourcesBuildPhase section */

/* Begin PBXTargetDependency section */
		94E330E31A10FB8F00635208 /* PBXTargetDependency */ = {
			isa = PBXTargetDependency;
			target = 94E330C91A10FB8F00635208 /* Beefcake */;
			targetProxy = 94E330E21A10FB8F00635208 /* PBXContainerItemProxy */;
		};
/* End PBXTargetDependency section */

/* Begin PBXVariantGroup section */
		94E330D51A10FB8F00635208 /* Main.storyboard */ = {
			isa = PBXVariantGroup;
			children = (
				94E330D61A10FB8F00635208 /* Base */,
			);
			name = Main.storyboard;
			sourceTree = "<group>";
		};
		94E330DA1A10FB8F00635208 /* LaunchScreen.xib */ = {
			isa = PBXVariantGroup;
			children = (
				94E330DB1A10FB8F00635208 /* Base */,
			);
			name = LaunchScreen.xib;
			sourceTree = "<group>";
		};
/* End PBXVariantGroup section */

/* Begin XCBuildConfiguration section */
		94E330E91A10FB8F00635208 /* Debug */ = {
			isa = XCBuildConfiguration;
			buildSettings = {
				ALWAYS_SEARCH_USER_PATHS = NO;
				CLANG_CXX_LANGUAGE_STANDARD = "gnu++0x";
				CLANG_CXX_LIBRARY = "libc++";
				CLANG_ENABLE_MODULES = YES;
				CLANG_ENABLE_OBJC_ARC = YES;
				CLANG_WARN_BOOL_CONVERSION = YES;
				CLANG_WARN_CONSTANT_CONVERSION = YES;
				CLANG_WARN_DIRECT_OBJC_ISA_USAGE = YES_ERROR;
				CLANG_WARN_EMPTY_BODY = YES;
				CLANG_WARN_ENUM_CONVERSION = YES;
				CLANG_WARN_INT_CONVERSION = YES;
				CLANG_WARN_OBJC_ROOT_CLASS = YES_ERROR;
				CLANG_WARN_UNREACHABLE_CODE = YES;
				CLANG_WARN__DUPLICATE_METHOD_MATCH = YES;
				"CODE_SIGN_IDENTITY[sdk=iphoneos*]" = "iPhone Developer";
				COPY_PHASE_STRIP = NO;
				ENABLE_STRICT_OBJC_MSGSEND = YES;
				GCC_C_LANGUAGE_STANDARD = gnu99;
				GCC_DYNAMIC_NO_PIC = NO;
				GCC_OPTIMIZATION_LEVEL = 0;
				GCC_PREPROCESSOR_DEFINITIONS = (
					"DEBUG=1",
					"$(inherited)",
				);
				GCC_SYMBOLS_PRIVATE_EXTERN = NO;
				GCC_WARN_64_TO_32_BIT_CONVERSION = YES;
				GCC_WARN_ABOUT_RETURN_TYPE = YES_ERROR;
				GCC_WARN_UNDECLARED_SELECTOR = YES;
				GCC_WARN_UNINITIALIZED_AUTOS = YES_AGGRESSIVE;
				GCC_WARN_UNUSED_FUNCTION = YES;
				GCC_WARN_UNUSED_VARIABLE = YES;
				IPHONEOS_DEPLOYMENT_TARGET = 8.1;
				MTL_ENABLE_DEBUG_INFO = YES;
				ONLY_ACTIVE_ARCH = YES;
				SDKROOT = iphoneos;
				SWIFT_OPTIMIZATION_LEVEL = "-Onone";
			};
			name = Debug;
		};
		94E330EA1A10FB8F00635208 /* Release */ = {
			isa = XCBuildConfiguration;
			buildSettings = {
				ALWAYS_SEARCH_USER_PATHS = NO;
				CLANG_CXX_LANGUAGE_STANDARD = "gnu++0x";
				CLANG_CXX_LIBRARY = "libc++";
				CLANG_ENABLE_MODULES = YES;
				CLANG_ENABLE_OBJC_ARC = YES;
				CLANG_WARN_BOOL_CONVERSION = YES;
				CLANG_WARN_CONSTANT_CONVERSION = YES;
				CLANG_WARN_DIRECT_OBJC_ISA_USAGE = YES_ERROR;
				CLANG_WARN_EMPTY_BODY = YES;
				CLANG_WARN_ENUM_CONVERSION = YES;
				CLANG_WARN_INT_CONVERSION = YES;
				CLANG_WARN_OBJC_ROOT_CLASS = YES_ERROR;
				CLANG_WARN_UNREACHABLE_CODE = YES;
				CLANG_WARN__DUPLICATE_METHOD_MATCH = YES;
				"CODE_SIGN_IDENTITY[sdk=iphoneos*]" = "iPhone Developer";
				COPY_PHASE_STRIP = YES;
				ENABLE_NS_ASSERTIONS = NO;
				ENABLE_STRICT_OBJC_MSGSEND = YES;
				GCC_C_LANGUAGE_STANDARD = gnu99;
				GCC_WARN_64_TO_32_BIT_CONVERSION = YES;
				GCC_WARN_ABOUT_RETURN_TYPE = YES_ERROR;
				GCC_WARN_UNDECLARED_SELECTOR = YES;
				GCC_WARN_UNINITIALIZED_AUTOS = YES_AGGRESSIVE;
				GCC_WARN_UNUSED_FUNCTION = YES;
				GCC_WARN_UNUSED_VARIABLE = YES;
				IPHONEOS_DEPLOYMENT_TARGET = 8.1;
				MTL_ENABLE_DEBUG_INFO = NO;
				SDKROOT = iphoneos;
				VALIDATE_PRODUCT = YES;
			};
			name = Release;
		};
		94E330EC1A10FB8F00635208 /* Debug */ = {
			isa = XCBuildConfiguration;
			buildSettings = {
				ASSETCATALOG_COMPILER_APPICON_NAME = AppIcon;
				CODE_SIGN_IDENTITY = "iPhone Developer";
				INFOPLIST_FILE = Beefcake/Info.plist;
				LD_RUNPATH_SEARCH_PATHS = "$(inherited) @executable_path/Frameworks";
				PRODUCT_NAME = "$(TARGET_NAME)";
			};
			name = Debug;
		};
		94E330ED1A10FB8F00635208 /* Release */ = {
			isa = XCBuildConfiguration;
			buildSettings = {
				ASSETCATALOG_COMPILER_APPICON_NAME = AppIcon;
				CODE_SIGN_IDENTITY = "iPhone Developer";
				INFOPLIST_FILE = Beefcake/Info.plist;
				LD_RUNPATH_SEARCH_PATHS = "$(inherited) @executable_path/Frameworks";
				PRODUCT_NAME = "$(TARGET_NAME)";
			};
			name = Release;
		};
		94E330EF1A10FB8F00635208 /* Debug */ = {
			isa = XCBuildConfiguration;
			buildSettings = {
				BUNDLE_LOADER = "$(TEST_HOST)";
				FRAMEWORK_SEARCH_PATHS = (
					"$(SDKROOT)/Developer/Library/Frameworks",
					"$(inherited)",
				);
				GCC_PREPROCESSOR_DEFINITIONS = (
					"DEBUG=1",
					"$(inherited)",
				);
				INFOPLIST_FILE = BeefcakeTests/Info.plist;
				LD_RUNPATH_SEARCH_PATHS = "$(inherited) @executable_path/Frameworks @loader_path/Frameworks";
				PRODUCT_NAME = "$(TARGET_NAME)";
				TEST_HOST = "$(BUILT_PRODUCTS_DIR)/Beefcake.app/Beefcake";
			};
			name = Debug;
		};
		94E330F01A10FB8F00635208 /* Release */ = {
			isa = XCBuildConfiguration;
			buildSettings = {
				BUNDLE_LOADER = "$(TEST_HOST)";
				FRAMEWORK_SEARCH_PATHS = (
					"$(SDKROOT)/Developer/Library/Frameworks",
					"$(inherited)",
				);
				INFOPLIST_FILE = BeefcakeTests/Info.plist;
				LD_RUNPATH_SEARCH_PATHS = "$(inherited) @executable_path/Frameworks @loader_path/Frameworks";
				PRODUCT_NAME = "$(TARGET_NAME)";
				TEST_HOST = "$(BUILT_PRODUCTS_DIR)/Beefcake.app/Beefcake";
			};
			name = Release;
		};
/* End XCBuildConfiguration section */

/* Begin XCConfigurationList section */
		94E330C51A10FB8F00635208 /* Build configuration list for PBXProject "Beefcake" */ = {
			isa = XCConfigurationList;
			buildConfigurations = (
				94E330E91A10FB8F00635208 /* Debug */,
				94E330EA1A10FB8F00635208 /* Release */,
			);
			defaultConfigurationIsVisible = 0;
			defaultConfigurationName = Release;
		};
		94E330EB1A10FB8F00635208 /* Build configuration list for PBXNativeTarget "Beefcake" */ = {
			isa = XCConfigurationList;
			buildConfigurations = (
				94E330EC1A10FB8F00635208 /* Debug */,
				94E330ED1A10FB8F00635208 /* Release */,
			);
			defaultConfigurationIsVisible = 0;
			defaultConfigurationName = Release;
		};
		94E330EE1A10FB8F00635208 /* Build configuration list for PBXNativeTarget "BeefcakeTests" */ = {
			isa = XCConfigurationList;
			buildConfigurations = (
				94E330EF1A10FB8F00635208 /* Debug */,
				94E330F01A10FB8F00635208 /* Release */,
			);
			defaultConfigurationIsVisible = 0;
			defaultConfigurationName = Release;
		};
/* End XCConfigurationList section */
	};
	rootObject = 94E330C21A10FB8F00635208 /* Project object */;
}
