// !$*UTF8*$!
{
	archiveVersion = 1;
	classes = {
	};
	objectVersion = 46;
	objects = {

/* Begin PBXBuildFile section */
		940771711A23738200D1B0FD /* EditWorkoutTableViewController.swift in Sources */ = {isa = PBXBuildFile; fileRef = 940771701A23738200D1B0FD /* EditWorkoutTableViewController.swift */; };
		940771771A2378F200D1B0FD /* WorkoutInfoViewController.swift in Sources */ = {isa = PBXBuildFile; fileRef = 940771761A2378F200D1B0FD /* WorkoutInfoViewController.swift */; };
		940AC1A51A24FCFD00898F46 /* MyMuscles.plist in Resources */ = {isa = PBXBuildFile; fileRef = 940AC1A41A24FCFD00898F46 /* MyMuscles.plist */; };
		940AC1A71A25096700898F46 /* MyActivities.plist in Resources */ = {isa = PBXBuildFile; fileRef = 940AC1A61A25096700898F46 /* MyActivities.plist */; };
		940AC1A91A251FC100898F46 /* MultiAddActivityTableViewController.swift in Sources */ = {isa = PBXBuildFile; fileRef = 940AC1A81A251FC100898F46 /* MultiAddActivityTableViewController.swift */; };
		945227131A11048600B04DB8 /* Images.xcassets in Resources */ = {isa = PBXBuildFile; fileRef = 945227121A11048600B04DB8 /* Images.xcassets */; };
		945371631A214608005B7903 /* GymSearchViewController.swift in Sources */ = {isa = PBXBuildFile; fileRef = 945371621A214608005B7903 /* GymSearchViewController.swift */; };
		94588F231A1E89F700CA7F52 /* Activities.plist in Resources */ = {isa = PBXBuildFile; fileRef = 94588F221A1E89F700CA7F52 /* Activities.plist */; };
		94588F251A1E8AD700CA7F52 /* MyWorkouts.plist in Resources */ = {isa = PBXBuildFile; fileRef = 94588F241A1E8AD700CA7F52 /* MyWorkouts.plist */; };
		94588F271A1E8B8C00CA7F52 /* MyGyms.plist in Resources */ = {isa = PBXBuildFile; fileRef = 94588F261A1E8B8C00CA7F52 /* MyGyms.plist */; };
		94588F291A1E8E6C00CA7F52 /* MyGymsViewController.swift in Sources */ = {isa = PBXBuildFile; fileRef = 94588F281A1E8E6C00CA7F52 /* MyGymsViewController.swift */; };
		94588F2B1A1E8E8000CA7F52 /* AddGymViewController.swift in Sources */ = {isa = PBXBuildFile; fileRef = 94588F2A1A1E8E8000CA7F52 /* AddGymViewController.swift */; };
		94588F2D1A1E8E9700CA7F52 /* GymMapViewController.swift in Sources */ = {isa = PBXBuildFile; fileRef = 94588F2C1A1E8E9700CA7F52 /* GymMapViewController.swift */; };
		94588F2F1A1E8EA500CA7F52 /* GymWebViewController.swift in Sources */ = {isa = PBXBuildFile; fileRef = 94588F2E1A1E8EA500CA7F52 /* GymWebViewController.swift */; };
		94588F321A1E976700CA7F52 /* maps.html in Resources */ = {isa = PBXBuildFile; fileRef = 94588F311A1E976700CA7F52 /* maps.html */; };
		94588F341A1E98EC00CA7F52 /* EditGymViewController.swift in Sources */ = {isa = PBXBuildFile; fileRef = 94588F331A1E98EC00CA7F52 /* EditGymViewController.swift */; };
		948420B21A226DFE00C35DCC /* CoreLocation.framework in Frameworks */ = {isa = PBXBuildFile; fileRef = 948420B11A226DFE00C35DCC /* CoreLocation.framework */; };
		948E72B41A227665002D2AF7 /* MyWorkoutsTableViewController.swift in Sources */ = {isa = PBXBuildFile; fileRef = 948E72B31A227665002D2AF7 /* MyWorkoutsTableViewController.swift */; };
		94DF31931A23DF36000F8283 /* NewWorkoutViewController.swift in Sources */ = {isa = PBXBuildFile; fileRef = 94DF31921A23DF36000F8283 /* NewWorkoutViewController.swift */; };
		94DF31951A23F2DC000F8283 /* WorkoutTableViewController.swift in Sources */ = {isa = PBXBuildFile; fileRef = 94DF31941A23F2DC000F8283 /* WorkoutTableViewController.swift */; };
		94E330D01A10FB8F00635208 /* AppDelegate.swift in Sources */ = {isa = PBXBuildFile; fileRef = 94E330CF1A10FB8F00635208 /* AppDelegate.swift */; };
		94E330D71A10FB8F00635208 /* Main.storyboard in Resources */ = {isa = PBXBuildFile; fileRef = 94E330D51A10FB8F00635208 /* Main.storyboard */; };
		94E330DC1A10FB8F00635208 /* LaunchScreen.xib in Resources */ = {isa = PBXBuildFile; fileRef = 94E330DA1A10FB8F00635208 /* LaunchScreen.xib */; };
		94E330E81A10FB8F00635208 /* BeefcakeTests.swift in Sources */ = {isa = PBXBuildFile; fileRef = 94E330E71A10FB8F00635208 /* BeefcakeTests.swift */; };
/* End PBXBuildFile section */

/* Begin PBXContainerItemProxy section */
		94E330E21A10FB8F00635208 /* PBXContainerItemProxy */ = {
			isa = PBXContainerItemProxy;
			containerPortal = 94E330C21A10FB8F00635208 /* Project object */;
			proxyType = 1;
			remoteGlobalIDString = 94E330C91A10FB8F00635208;
			remoteInfo = Beefcake;
		};
/* End PBXContainerItemProxy section */

/* Begin PBXFileReference section */
		940771701A23738200D1B0FD /* EditWorkoutTableViewController.swift */ = {isa = PBXFileReference; fileEncoding = 4; lastKnownFileType = sourcecode.swift; path = EditWorkoutTableViewController.swift; sourceTree = "<group>"; };
		940771761A2378F200D1B0FD /* WorkoutInfoViewController.swift */ = {isa = PBXFileReference; fileEncoding = 4; lastKnownFileType = sourcecode.swift; path = WorkoutInfoViewController.swift; sourceTree = "<group>"; };
		940AC1A41A24FCFD00898F46 /* MyMuscles.plist */ = {isa = PBXFileReference; fileEncoding = 4; lastKnownFileType = text.plist.xml; path = MyMuscles.plist; sourceTree = "<group>"; };
		940AC1A61A25096700898F46 /* MyActivities.plist */ = {isa = PBXFileReference; fileEncoding = 4; lastKnownFileType = text.plist.xml; path = MyActivities.plist; sourceTree = "<group>"; };
		940AC1A81A251FC100898F46 /* MultiAddActivityTableViewController.swift */ = {isa = PBXFileReference; fileEncoding = 4; lastKnownFileType = sourcecode.swift; path = MultiAddActivityTableViewController.swift; sourceTree = "<group>"; };
		945227121A11048600B04DB8 /* Images.xcassets */ = {isa = PBXFileReference; lastKnownFileType = folder.assetcatalog; path = Images.xcassets; sourceTree = "<group>"; };
		945371621A214608005B7903 /* GymSearchViewController.swift */ = {isa = PBXFileReference; fileEncoding = 4; lastKnownFileType = sourcecode.swift; path = GymSearchViewController.swift; sourceTree = "<group>"; };
		94588F221A1E89F700CA7F52 /* Activities.plist */ = {isa = PBXFileReference; fileEncoding = 4; lastKnownFileType = text.plist.xml; path = Activities.plist; sourceTree = "<group>"; };
		94588F241A1E8AD700CA7F52 /* MyWorkouts.plist */ = {isa = PBXFileReference; fileEncoding = 4; lastKnownFileType = text.plist.xml; path = MyWorkouts.plist; sourceTree = "<group>"; };
		94588F261A1E8B8C00CA7F52 /* MyGyms.plist */ = {isa = PBXFileReference; fileEncoding = 4; lastKnownFileType = text.plist.xml; path = MyGyms.plist; sourceTree = "<group>"; };
		94588F281A1E8E6C00CA7F52 /* MyGymsViewController.swift */ = {isa = PBXFileReference; fileEncoding = 4; lastKnownFileType = sourcecode.swift; path = MyGymsViewController.swift; sourceTree = "<group>"; };
		94588F2A1A1E8E8000CA7F52 /* AddGymViewController.swift */ = {isa = PBXFileReference; fileEncoding = 4; lastKnownFileType = sourcecode.swift; path = AddGymViewController.swift; sourceTree = "<group>"; };
		94588F2C1A1E8E9700CA7F52 /* GymMapViewController.swift */ = {isa = PBXFileReference; fileEncoding = 4; lastKnownFileType = sourcecode.swift; path = GymMapViewController.swift; sourceTree = "<group>"; };
		94588F2E1A1E8EA500CA7F52 /* GymWebViewController.swift */ = {isa = PBXFileReference; fileEncoding = 4; lastKnownFileType = sourcecode.swift; path = GymWebViewController.swift; sourceTree = "<group>"; };
		94588F311A1E976700CA7F52 /* maps.html */ = {isa = PBXFileReference; fileEncoding = 4; lastKnownFileType = text.html; path = maps.html; sourceTree = "<group>"; };
		94588F331A1E98EC00CA7F52 /* EditGymViewController.swift */ = {isa = PBXFileReference; fileEncoding = 4; lastKnownFileType = sourcecode.swift; path = EditGymViewController.swift; sourceTree = "<group>"; };
		948420B11A226DFE00C35DCC /* CoreLocation.framework */ = {isa = PBXFileReference; lastKnownFileType = wrapper.framework; name = CoreLocation.framework; path = System/Library/Frameworks/CoreLocation.framework; sourceTree = SDKROOT; };
		948E72B31A227665002D2AF7 /* MyWorkoutsTableViewController.swift */ = {isa = PBXFileReference; fileEncoding = 4; lastKnownFileType = sourcecode.swift; path = MyWorkoutsTableViewController.swift; sourceTree = "<group>"; };
		94DF31921A23DF36000F8283 /* NewWorkoutViewController.swift */ = {isa = PBXFileReference; fileEncoding = 4; lastKnownFileType = sourcecode.swift; path = NewWorkoutViewController.swift; sourceTree = "<group>"; };
		94DF31941A23F2DC000F8283 /* WorkoutTableViewController.swift */ = {isa = PBXFileReference; fileEncoding = 4; lastKnownFileType = sourcecode.swift; path = WorkoutTableViewController.swift; sourceTree = "<group>"; };
		94E330CA1A10FB8F00635208 /* Beefcake.app */ = {isa = PBXFileReference; explicitFileType = wrapper.application; includeInIndex = 0; path = Beefcake.app; sourceTree = BUILT_PRODUCTS_DIR; };
		94E330CE1A10FB8F00635208 /* Info.plist */ = {isa = PBXFileReference; lastKnownFileType = text.plist.xml; path = Info.plist; sourceTree = "<group>"; };
		94E330CF1A10FB8F00635208 /* AppDelegate.swift */ = {isa = PBXFileReference; lastKnownFileType = sourcecode.swift; path = AppDelegate.swift; sourceTree = "<group>"; };
		94E330D61A10FB8F00635208 /* Base */ = {isa = PBXFileReference; lastKnownFileType = file.storyboard; name = Base; path = Base.lproj/Main.storyboard; sourceTree = "<group>"; };
		94E330DB1A10FB8F00635208 /* Base */ = {isa = PBXFileReference; lastKnownFileType = file.xib; name = Base; path = Base.lproj/LaunchScreen.xib; sourceTree = "<group>"; };
		94E330E11A10FB8F00635208 /* BeefcakeTests.xctest */ = {isa = PBXFileReference; explicitFileType = wrapper.cfbundle; includeInIndex = 0; path = BeefcakeTests.xctest; sourceTree = BUILT_PRODUCTS_DIR; };
		94E330E61A10FB8F00635208 /* Info.plist */ = {isa = PBXFileReference; lastKnownFileType = text.plist.xml; path = Info.plist; sourceTree = "<group>"; };
		94E330E71A10FB8F00635208 /* BeefcakeTests.swift */ = {isa = PBXFileReference; lastKnownFileType = sourcecode.swift; path = BeefcakeTests.swift; sourceTree = "<group>"; };
/* End PBXFileReference section */

/* Begin PBXFrameworksBuildPhase section */
		94E330C71A10FB8F00635208 /* Frameworks */ = {
			isa = PBXFrameworksBuildPhase;
			buildActionMask = 2147483647;
			files = (
				948420B21A226DFE00C35DCC /* CoreLocation.framework in Frameworks */,
			);
			runOnlyForDeploymentPostprocessing = 0;
		};
		94E330DE1A10FB8F00635208 /* Frameworks */ = {
			isa = PBXFrameworksBuildPhase;
			buildActionMask = 2147483647;
			files = (
			);
			runOnlyForDeploymentPostprocessing = 0;
		};
/* End PBXFrameworksBuildPhase section */

/* Begin PBXGroup section */
		94588F301A1E974D00CA7F52 /* Google Maps Javascript API */ = {
			isa = PBXGroup;
			children = (
				94588F311A1E976700CA7F52 /* maps.html */,
			);
			name = "Google Maps Javascript API";
			sourceTree = "<group>";
		};
		948420B31A22727200C35DCC /* Frameworks */ = {
			isa = PBXGroup;
			children = (
				948420B11A226DFE00C35DCC /* CoreLocation.framework */,
			);
			name = Frameworks;
			path = ..;
			sourceTree = "<group>";
		};
		94D6DA911A110C1A002ACD52 /* MyWorkouts */ = {
			isa = PBXGroup;
			children = (
				948E72B31A227665002D2AF7 /* MyWorkoutsTableViewController.swift */,
				94DF31921A23DF36000F8283 /* NewWorkoutViewController.swift */,
				940AC1A81A251FC100898F46 /* MultiAddActivityTableViewController.swift */,
				940771701A23738200D1B0FD /* EditWorkoutTableViewController.swift */,
				940771761A2378F200D1B0FD /* WorkoutInfoViewController.swift */,
			);
			name = MyWorkouts;
			sourceTree = "<group>";
		};
		94D6DA921A110C2F002ACD52 /* MyGyms */ = {
			isa = PBXGroup;
			children = (
				94588F281A1E8E6C00CA7F52 /* MyGymsViewController.swift */,
				94588F2A1A1E8E8000CA7F52 /* AddGymViewController.swift */,
				94588F331A1E98EC00CA7F52 /* EditGymViewController.swift */,
				94588F2C1A1E8E9700CA7F52 /* GymMapViewController.swift */,
				94588F2E1A1E8EA500CA7F52 /* GymWebViewController.swift */,
				945371621A214608005B7903 /* GymSearchViewController.swift */,
			);
			name = MyGyms;
			sourceTree = "<group>";
		};
		94D6DA931A110C38002ACD52 /* MyMuscles */ = {
			isa = PBXGroup;
			children = (
			);
			name = MyMuscles;
			sourceTree = "<group>";
		};
		94D6DA941A110C49002ACD52 /* MyPhotos */ = {
			isa = PBXGroup;
			children = (
			);
			name = MyPhotos;
			sourceTree = "<group>";
		};
		94E01F271A21075800D32A45 /* pList Files */ = {
			isa = PBXGroup;
			children = (
				94588F221A1E89F700CA7F52 /* Activities.plist */,
				940AC1A61A25096700898F46 /* MyActivities.plist */,
				94588F261A1E8B8C00CA7F52 /* MyGyms.plist */,
				94588F241A1E8AD700CA7F52 /* MyWorkouts.plist */,
				940AC1A41A24FCFD00898F46 /* MyMuscles.plist */,
			);
			name = "pList Files";
			path = ..;
			sourceTree = "<group>";
		};
		94E330C11A10FB8F00635208 = {
			isa = PBXGroup;
			children = (
				94DF31941A23F2DC000F8283 /* WorkoutTableViewController.swift */,
				94E330CC1A10FB8F00635208 /* Beefcake */,
				94E330E41A10FB8F00635208 /* BeefcakeTests */,
				94E330CB1A10FB8F00635208 /* Products */,
			);
			sourceTree = "<group>";
		};
		94E330CB1A10FB8F00635208 /* Products */ = {
			isa = PBXGroup;
			children = (
				94E330CA1A10FB8F00635208 /* Beefcake.app */,
				94E330E11A10FB8F00635208 /* BeefcakeTests.xctest */,
			);
			name = Products;
			sourceTree = "<group>";
		};
		94E330CC1A10FB8F00635208 /* Beefcake */ = {
			isa = PBXGroup;
			children = (
				94E330CD1A10FB8F00635208 /* Supporting Files */,
				94588F301A1E974D00CA7F52 /* Google Maps Javascript API */,
				94D6DA921A110C2F002ACD52 /* MyGyms */,
				94D6DA911A110C1A002ACD52 /* MyWorkouts */,
				94D6DA931A110C38002ACD52 /* MyMuscles */,
				94D6DA941A110C49002ACD52 /* MyPhotos */,
				948420B31A22727200C35DCC /* Frameworks */,
				94E01F271A21075800D32A45 /* pList Files */,
				94E330CF1A10FB8F00635208 /* AppDelegate.swift */,
				94E330D51A10FB8F00635208 /* Main.storyboard */,
				945227121A11048600B04DB8 /* Images.xcassets */,
				94E330DA1A10FB8F00635208 /* LaunchScreen.xib */,
			);
			path = Beefcake;
			sourceTree = "<group>";
		};
		94E330CD1A10FB8F00635208 /* Supporting Files */ = {
			isa = PBXGroup;
			children = (
				94E330CE1A10FB8F00635208 /* Info.plist */,
			);
			name = "Supporting Files";
			sourceTree = "<group>";
		};
		94E330E41A10FB8F00635208 /* BeefcakeTests */ = {
			isa = PBXGroup;
			children = (
				94E330E71A10FB8F00635208 /* BeefcakeTests.swift */,
				94E330E51A10FB8F00635208 /* Supporting Files */,
			);
			path = BeefcakeTests;
			sourceTree = "<group>";
		};
		94E330E51A10FB8F00635208 /* Supporting Files */ = {
			isa = PBXGroup;
			children = (
				94E330E61A10FB8F00635208 /* Info.plist */,
			);
			name = "Supporting Files";
			sourceTree = "<group>";
		};
/* End PBXGroup section */

/* Begin PBXNativeTarget section */
		94E330C91A10FB8F00635208 /* Beefcake */ = {
			isa = PBXNativeTarget;
			buildConfigurationList = 94E330EB1A10FB8F00635208 /* Build configuration list for PBXNativeTarget "Beefcake" */;
			buildPhases = (
				94E330C61A10FB8F00635208 /* Sources */,
				94E330C71A10FB8F00635208 /* Frameworks */,
				94E330C81A10FB8F00635208 /* Resources */,
			);
			buildRules = (
			);
			dependencies = (
			);
			name = Beefcake;
			productName = Beefcake;
			productReference = 94E330CA1A10FB8F00635208 /* Beefcake.app */;
			productType = "com.apple.product-type.application";
		};
		94E330E01A10FB8F00635208 /* BeefcakeTests */ = {
			isa = PBXNativeTarget;
			buildConfigurationList = 94E330EE1A10FB8F00635208 /* Build configuration list for PBXNativeTarget "BeefcakeTests" */;
			buildPhases = (
				94E330DD1A10FB8F00635208 /* Sources */,
				94E330DE1A10FB8F00635208 /* Frameworks */,
				94E330DF1A10FB8F00635208 /* Resources */,
			);
			buildRules = (
			);
			dependencies = (
				94E330E31A10FB8F00635208 /* PBXTargetDependency */,
			);
			name = BeefcakeTests;
			productName = BeefcakeTests;
			productReference = 94E330E11A10FB8F00635208 /* BeefcakeTests.xctest */;
			productType = "com.apple.product-type.bundle.unit-test";
		};
/* End PBXNativeTarget section */

/* Begin PBXProject section */
		94E330C21A10FB8F00635208 /* Project object */ = {
			isa = PBXProject;
			attributes = {
				LastUpgradeCheck = 0610;
				ORGANIZATIONNAME = "Ryan Connors";
				TargetAttributes = {
					94E330C91A10FB8F00635208 = {
						CreatedOnToolsVersion = 6.1;
						DevelopmentTeam = 29R88YKZ9R;
					};
					94E330E01A10FB8F00635208 = {
						CreatedOnToolsVersion = 6.1;
						TestTargetID = 94E330C91A10FB8F00635208;
					};
				};
			};
			buildConfigurationList = 94E330C51A10FB8F00635208 /* Build configuration list for PBXProject "Beefcake" */;
			compatibilityVersion = "Xcode 3.2";
			developmentRegion = English;
			hasScannedForEncodings = 0;
			knownRegions = (
				en,
				Base,
			);
			mainGroup = 94E330C11A10FB8F00635208;
			productRefGroup = 94E330CB1A10FB8F00635208 /* Products */;
			projectDirPath = "";
			projectRoot = "";
			targets = (
				94E330C91A10FB8F00635208 /* Beefcake */,
				94E330E01A10FB8F00635208 /* BeefcakeTests */,
			);
		};
/* End PBXProject section */

/* Begin PBXResourcesBuildPhase section */
		94E330C81A10FB8F00635208 /* Resources */ = {
			isa = PBXResourcesBuildPhase;
			buildActionMask = 2147483647;
			files = (
				94588F321A1E976700CA7F52 /* maps.html in Resources */,
				940AC1A51A24FCFD00898F46 /* MyMuscles.plist in Resources */,
				94588F271A1E8B8C00CA7F52 /* MyGyms.plist in Resources */,
				945227131A11048600B04DB8 /* Images.xcassets in Resources */,
				94588F251A1E8AD700CA7F52 /* MyWorkouts.plist in Resources */,
				940AC1A71A25096700898F46 /* MyActivities.plist in Resources */,
				94E330D71A10FB8F00635208 /* Main.storyboard in Resources */,
				94E330DC1A10FB8F00635208 /* LaunchScreen.xib in Resources */,
				94588F231A1E89F700CA7F52 /* Activities.plist in Resources */,
			);
			runOnlyForDeploymentPostprocessing = 0;
		};
		94E330DF1A10FB8F00635208 /* Resources */ = {
			isa = PBXResourcesBuildPhase;
			buildActionMask = 2147483647;
			files = (
			);
			runOnlyForDeploymentPostprocessing = 0;
		};
/* End PBXResourcesBuildPhase section */

/* Begin PBXSourcesBuildPhase section */
		94E330C61A10FB8F00635208 /* Sources */ = {
			isa = PBXSourcesBuildPhase;
			buildActionMask = 2147483647;
			files = (
				94588F2B1A1E8E8000CA7F52 /* AddGymViewController.swift in Sources */,
				948E72B41A227665002D2AF7 /* MyWorkoutsTableViewController.swift in Sources */,
				94DF31931A23DF36000F8283 /* NewWorkoutViewController.swift in Sources */,
				94588F291A1E8E6C00CA7F52 /* MyGymsViewController.swift in Sources */,
				94588F2F1A1E8EA500CA7F52 /* GymWebViewController.swift in Sources */,
				940AC1A91A251FC100898F46 /* MultiAddActivityTableViewController.swift in Sources */,
				94E330D01A10FB8F00635208 /* AppDelegate.swift in Sources */,
				945371631A214608005B7903 /* GymSearchViewController.swift in Sources */,
				94588F341A1E98EC00CA7F52 /* EditGymViewController.swift in Sources */,
				94588F2D1A1E8E9700CA7F52 /* GymMapViewController.swift in Sources */,
				940771711A23738200D1B0FD /* EditWorkoutTableViewController.swift in Sources */,
				940771771A2378F200D1B0FD /* WorkoutInfoViewController.swift in Sources */,
				94DF31951A23F2DC000F8283 /* WorkoutTableViewController.swift in Sources */,
			);
			runOnlyForDeploymentPostprocessing = 0;
		};
		94E330DD1A10FB8F00635208 /* Sources */ = {
			isa = PBXSourcesBuildPhase;
			buildActionMask = 2147483647;
			files = (
				94E330E81A10FB8F00635208 /* BeefcakeTests.swift in Sources */,
			);
			runOnlyForDeploymentPostprocessing = 0;
		};
/* End PBXSourcesBuildPhase section */

/* Begin PBXTargetDependency section */
		94E330E31A10FB8F00635208 /* PBXTargetDependency */ = {
			isa = PBXTargetDependency;
			target = 94E330C91A10FB8F00635208 /* Beefcake */;
			targetProxy = 94E330E21A10FB8F00635208 /* PBXContainerItemProxy */;
		};
/* End PBXTargetDependency section */

/* Begin PBXVariantGroup section */
		94E330D51A10FB8F00635208 /* Main.storyboard */ = {
			isa = PBXVariantGroup;
			children = (
				94E330D61A10FB8F00635208 /* Base */,
			);
			name = Main.storyboard;
			sourceTree = "<group>";
		};
		94E330DA1A10FB8F00635208 /* LaunchScreen.xib */ = {
			isa = PBXVariantGroup;
			children = (
				94E330DB1A10FB8F00635208 /* Base */,
			);
			name = LaunchScreen.xib;
			sourceTree = "<group>";
		};
/* End PBXVariantGroup section */

/* Begin XCBuildConfiguration section */
		94E330E91A10FB8F00635208 /* Debug */ = {
			isa = XCBuildConfiguration;
			buildSettings = {
				ALWAYS_SEARCH_USER_PATHS = NO;
				CLANG_CXX_LANGUAGE_STANDARD = "gnu++0x";
				CLANG_CXX_LIBRARY = "libc++";
				CLANG_ENABLE_MODULES = YES;
				CLANG_ENABLE_OBJC_ARC = YES;
				CLANG_WARN_BOOL_CONVERSION = YES;
				CLANG_WARN_CONSTANT_CONVERSION = YES;
				CLANG_WARN_DIRECT_OBJC_ISA_USAGE = YES_ERROR;
				CLANG_WARN_EMPTY_BODY = YES;
				CLANG_WARN_ENUM_CONVERSION = YES;
				CLANG_WARN_INT_CONVERSION = YES;
				CLANG_WARN_OBJC_ROOT_CLASS = YES_ERROR;
				CLANG_WARN_UNREACHABLE_CODE = YES;
				CLANG_WARN__DUPLICATE_METHOD_MATCH = YES;
				"CODE_SIGN_IDENTITY[sdk=iphoneos*]" = "iPhone Developer";
				COPY_PHASE_STRIP = NO;
				ENABLE_STRICT_OBJC_MSGSEND = YES;
				GCC_C_LANGUAGE_STANDARD = gnu99;
				GCC_DYNAMIC_NO_PIC = NO;
				GCC_OPTIMIZATION_LEVEL = 0;
				GCC_PREPROCESSOR_DEFINITIONS = (
					"DEBUG=1",
					"$(inherited)",
				);
				GCC_SYMBOLS_PRIVATE_EXTERN = NO;
				GCC_WARN_64_TO_32_BIT_CONVERSION = YES;
				GCC_WARN_ABOUT_RETURN_TYPE = YES_ERROR;
				GCC_WARN_UNDECLARED_SELECTOR = YES;
				GCC_WARN_UNINITIALIZED_AUTOS = YES_AGGRESSIVE;
				GCC_WARN_UNUSED_FUNCTION = YES;
				GCC_WARN_UNUSED_VARIABLE = YES;
				IPHONEOS_DEPLOYMENT_TARGET = 8.1;
				MTL_ENABLE_DEBUG_INFO = YES;
				ONLY_ACTIVE_ARCH = YES;
				SDKROOT = iphoneos;
				SWIFT_OPTIMIZATION_LEVEL = "-Onone";
			};
			name = Debug;
		};
		94E330EA1A10FB8F00635208 /* Release */ = {
			isa = XCBuildConfiguration;
			buildSettings = {
				ALWAYS_SEARCH_USER_PATHS = NO;
				CLANG_CXX_LANGUAGE_STANDARD = "gnu++0x";
				CLANG_CXX_LIBRARY = "libc++";
				CLANG_ENABLE_MODULES = YES;
				CLANG_ENABLE_OBJC_ARC = YES;
				CLANG_WARN_BOOL_CONVERSION = YES;
				CLANG_WARN_CONSTANT_CONVERSION = YES;
				CLANG_WARN_DIRECT_OBJC_ISA_USAGE = YES_ERROR;
				CLANG_WARN_EMPTY_BODY = YES;
				CLANG_WARN_ENUM_CONVERSION = YES;
				CLANG_WARN_INT_CONVERSION = YES;
				CLANG_WARN_OBJC_ROOT_CLASS = YES_ERROR;
				CLANG_WARN_UNREACHABLE_CODE = YES;
				CLANG_WARN__DUPLICATE_METHOD_MATCH = YES;
				"CODE_SIGN_IDENTITY[sdk=iphoneos*]" = "iPhone Developer";
				COPY_PHASE_STRIP = YES;
				ENABLE_NS_ASSERTIONS = NO;
				ENABLE_STRICT_OBJC_MSGSEND = YES;
				GCC_C_LANGUAGE_STANDARD = gnu99;
				GCC_WARN_64_TO_32_BIT_CONVERSION = YES;
				GCC_WARN_ABOUT_RETURN_TYPE = YES_ERROR;
				GCC_WARN_UNDECLARED_SELECTOR = YES;
				GCC_WARN_UNINITIALIZED_AUTOS = YES_AGGRESSIVE;
				GCC_WARN_UNUSED_FUNCTION = YES;
				GCC_WARN_UNUSED_VARIABLE = YES;
				IPHONEOS_DEPLOYMENT_TARGET = 8.1;
				MTL_ENABLE_DEBUG_INFO = NO;
				SDKROOT = iphoneos;
				VALIDATE_PRODUCT = YES;
			};
			name = Release;
		};
		94E330EC1A10FB8F00635208 /* Debug */ = {
			isa = XCBuildConfiguration;
			buildSettings = {
				ASSETCATALOG_COMPILER_APPICON_NAME = AppIcon;
				CODE_SIGN_IDENTITY = "iPhone Developer";
				INFOPLIST_FILE = Beefcake/Info.plist;
				LD_RUNPATH_SEARCH_PATHS = "$(inherited) @executable_path/Frameworks";
				PRODUCT_NAME = "$(TARGET_NAME)";
			};
			name = Debug;
		};
		94E330ED1A10FB8F00635208 /* Release */ = {
			isa = XCBuildConfiguration;
			buildSettings = {
				ASSETCATALOG_COMPILER_APPICON_NAME = AppIcon;
				CODE_SIGN_IDENTITY = "iPhone Developer";
				INFOPLIST_FILE = Beefcake/Info.plist;
				LD_RUNPATH_SEARCH_PATHS = "$(inherited) @executable_path/Frameworks";
				PRODUCT_NAME = "$(TARGET_NAME)";
			};
			name = Release;
		};
		94E330EF1A10FB8F00635208 /* Debug */ = {
			isa = XCBuildConfiguration;
			buildSettings = {
				BUNDLE_LOADER = "$(TEST_HOST)";
				FRAMEWORK_SEARCH_PATHS = (
					"$(SDKROOT)/Developer/Library/Frameworks",
					"$(inherited)",
				);
				GCC_PREPROCESSOR_DEFINITIONS = (
					"DEBUG=1",
					"$(inherited)",
				);
				INFOPLIST_FILE = BeefcakeTests/Info.plist;
				LD_RUNPATH_SEARCH_PATHS = "$(inherited) @executable_path/Frameworks @loader_path/Frameworks";
				PRODUCT_NAME = "$(TARGET_NAME)";
				TEST_HOST = "$(BUILT_PRODUCTS_DIR)/Beefcake.app/Beefcake";
			};
			name = Debug;
		};
		94E330F01A10FB8F00635208 /* Release */ = {
			isa = XCBuildConfiguration;
			buildSettings = {
				BUNDLE_LOADER = "$(TEST_HOST)";
				FRAMEWORK_SEARCH_PATHS = (
					"$(SDKROOT)/Developer/Library/Frameworks",
					"$(inherited)",
				);
				INFOPLIST_FILE = BeefcakeTests/Info.plist;
				LD_RUNPATH_SEARCH_PATHS = "$(inherited) @executable_path/Frameworks @loader_path/Frameworks";
				PRODUCT_NAME = "$(TARGET_NAME)";
				TEST_HOST = "$(BUILT_PRODUCTS_DIR)/Beefcake.app/Beefcake";
			};
			name = Release;
		};
/* End XCBuildConfiguration section */

/* Begin XCConfigurationList section */
		94E330C51A10FB8F00635208 /* Build configuration list for PBXProject "Beefcake" */ = {
			isa = XCConfigurationList;
			buildConfigurations = (
				94E330E91A10FB8F00635208 /* Debug */,
				94E330EA1A10FB8F00635208 /* Release */,
			);
			defaultConfigurationIsVisible = 0;
			defaultConfigurationName = Release;
		};
		94E330EB1A10FB8F00635208 /* Build configuration list for PBXNativeTarget "Beefcake" */ = {
			isa = XCConfigurationList;
			buildConfigurations = (
				94E330EC1A10FB8F00635208 /* Debug */,
				94E330ED1A10FB8F00635208 /* Release */,
			);
			defaultConfigurationIsVisible = 0;
			defaultConfigurationName = Release;
		};
		94E330EE1A10FB8F00635208 /* Build configuration list for PBXNativeTarget "BeefcakeTests" */ = {
			isa = XCConfigurationList;
			buildConfigurations = (
				94E330EF1A10FB8F00635208 /* Debug */,
				94E330F01A10FB8F00635208 /* Release */,
			);
			defaultConfigurationIsVisible = 0;
			defaultConfigurationName = Release;
		};
/* End XCConfigurationList section */
	};
	rootObject = 94E330C21A10FB8F00635208 /* Project object */;
}
